
Microsoft Visual Studio Solution File, Format Version 12.00
# Visual Studio 2013
VisualStudioVersion = 12.0.31101.0
MinimumVisualStudioVersion = 10.0.40219.1
Project("{2150E333-8FDC-42A3-9474-1A3956D46DE8}") = "minecraftpkg", "minecraftpkg", "{D3582062-FE00-4E16-ADDC-67089BBE5529}"
EndProject
Project("{2150E333-8FDC-42A3-9474-1A3956D46DE8}") = "javapkg", "javapkg", "{F96DD538-F970-4A14-B023-FEE3C15599C6}"
EndProject
Project("{2150E333-8FDC-42A3-9474-1A3956D46DE8}") = "dependencies", "dependencies", "{8183E426-A1AA-4BC1-BE5C-AC1F881841F5}"
EndProject
Project("{8BC9CEB8-8B4A-11D0-8D11-00A0C91BC942}") = "libprotobuf", "dependencies\protobuf-2.6.1\vsprojects\libprotobuf.vcxproj", "{3E283F37-A4ED-41B7-A3E6-A2D89D131A30}"
EndProject
Project("{8BC9CEB8-8B4A-11D0-8D11-00A0C91BC942}") = "libprotoc", "dependencies\protobuf-2.6.1\vsprojects\libprotoc.vcxproj", "{B84FF31A-5F9A-46F8-AB22-DBFC9BECE3BE}"
EndProject
Project("{8BC9CEB8-8B4A-11D0-8D11-00A0C91BC942}") = "protoc", "dependencies\protobuf-2.6.1\vsprojects\protoc.vcxproj", "{1738D5F6-ED1E-47E0-B2F0-456864B93C1E}"
EndProject
Project("{FAE04EC0-301F-11D3-BF4B-00C04F79EFBC}") = "protobuf-net", "dependencies\protobuf-net\protobuf-net\protobuf-net.csproj", "{8374E4D7-2A91-48F1-9360-09B09CF27C3F}"
EndProject
Project("{FAE04EC0-301F-11D3-BF4B-00C04F79EFBC}") = "ProtoGen", "dependencies\protobuf-net\ProtoGen\ProtoGen.csproj", "{F6CBE303-3B5F-4CCC-B0B7-D81A6BD462C9}"
EndProject
Project("{FAE04EC0-301F-11D3-BF4B-00C04F79EFBC}") = "javapkgui", "javapkg\javapkgui\javapkgui.csproj", "{D0E726C6-2653-47B6-82D5-18B069956FDA}"
EndProject
Project("{8BC9CEB8-8B4A-11D0-8D11-00A0C91BC942}") = "javapkgsrv-proto", "javapkg\javapkgsrv-proto\javapkgsrv-proto.vcxproj", "{760004E7-ECD9-49E8-BB4D-BFC407C73939}"
	ProjectSection(ProjectDependencies) = postProject
		{F6CBE303-3B5F-4CCC-B0B7-D81A6BD462C9} = {F6CBE303-3B5F-4CCC-B0B7-D81A6BD462C9}
		{1738D5F6-ED1E-47E0-B2F0-456864B93C1E} = {1738D5F6-ED1E-47E0-B2F0-456864B93C1E}
	EndProjectSection
EndProject
Project("{FAE04EC0-301F-11D3-BF4B-00C04F79EFBC}") = "javapkg", "javapkg\javapkg\javapkg.csproj", "{E6FC8695-0C23-4E37-8BBC-65204AAAB3CC}"
EndProject
Project("{FAE04EC0-301F-11D3-BF4B-00C04F79EFBC}") = "JavaPkgBuildTasks", "minecraftpkg\JavaPkgBuildTasks\JavaPkgBuildTasks.csproj", "{0123B29C-3169-4918-A2D4-CB41A7382175}"
EndProject
Project("{FAE04EC0-301F-11D3-BF4B-00C04F79EFBC}") = "MekanismModSample", "minecraftpkg\MekanismModSample\MekanismModSample.csproj", "{7C5EC0C7-6973-41DE-9ADA-13C810AB3034}"
EndProject
Project("{FAE04EC0-301F-11D3-BF4B-00C04F79EFBC}") = "Minecraft18ModTemplate", "minecraftpkg\Minecraft18ModTemplate\Minecraft18ModTemplate.csproj", "{F33EBE94-4F2B-4809-A02D-1529F1471FD1}"
EndProject
Project("{FAE04EC0-301F-11D3-BF4B-00C04F79EFBC}") = "MinecraftModTemplate", "minecraftpkg\MinecraftModTemplate\MinecraftModTemplate.csproj", "{E89B18A6-4737-458D-B1BC-0DE0A066BA7B}"
EndProject
Project("{FAE04EC0-301F-11D3-BF4B-00C04F79EFBC}") = "minecraftpkg", "minecraftpkg\minecraftpkg\minecraftpkg.csproj", "{0B8CF1DB-9A50-4025-B288-8A6A2FD61969}"
EndProject
Global
	GlobalSection(SolutionConfigurationPlatforms) = preSolution
		CoreOnly|Any CPU = CoreOnly|Any CPU
		CoreOnly|Mixed Platforms = CoreOnly|Mixed Platforms
		CoreOnly|Win32 = CoreOnly|Win32
		Debug|Any CPU = Debug|Any CPU
		Debug|Mixed Platforms = Debug|Mixed Platforms
		Debug|Win32 = Debug|Win32
		iOS|Any CPU = iOS|Any CPU
		iOS|Mixed Platforms = iOS|Mixed Platforms
		iOS|Win32 = iOS|Win32
		Net20|Any CPU = Net20|Any CPU
		Net20|Mixed Platforms = Net20|Mixed Platforms
		Net20|Win32 = Net20|Win32
		Profile|Any CPU = Profile|Any CPU
		Profile|Mixed Platforms = Profile|Mixed Platforms
		Profile|Win32 = Profile|Win32
		Release|Any CPU = Release|Any CPU
		Release|Mixed Platforms = Release|Mixed Platforms
		Release|Win32 = Release|Win32
		Silverlight2|Any CPU = Silverlight2|Any CPU
		Silverlight2|Mixed Platforms = Silverlight2|Mixed Platforms
		Silverlight2|Win32 = Silverlight2|Win32
		Unity|Any CPU = Unity|Any CPU
		Unity|Mixed Platforms = Unity|Mixed Platforms
		Unity|Win32 = Unity|Win32
	EndGlobalSection
	GlobalSection(ProjectConfigurationPlatforms) = postSolution
		{3E283F37-A4ED-41B7-A3E6-A2D89D131A30}.CoreOnly|Any CPU.ActiveCfg = Release|Win32
		{3E283F37-A4ED-41B7-A3E6-A2D89D131A30}.CoreOnly|Mixed Platforms.ActiveCfg = Release|Win32
		{3E283F37-A4ED-41B7-A3E6-A2D89D131A30}.CoreOnly|Mixed Platforms.Build.0 = Release|Win32
		{3E283F37-A4ED-41B7-A3E6-A2D89D131A30}.CoreOnly|Win32.ActiveCfg = Release|Win32
		{3E283F37-A4ED-41B7-A3E6-A2D89D131A30}.CoreOnly|Win32.Build.0 = Release|Win32
		{3E283F37-A4ED-41B7-A3E6-A2D89D131A30}.Debug|Any CPU.ActiveCfg = Debug|Win32
		{3E283F37-A4ED-41B7-A3E6-A2D89D131A30}.Debug|Mixed Platforms.ActiveCfg = Debug|Win32
		{3E283F37-A4ED-41B7-A3E6-A2D89D131A30}.Debug|Mixed Platforms.Build.0 = Debug|Win32
		{3E283F37-A4ED-41B7-A3E6-A2D89D131A30}.Debug|Win32.ActiveCfg = Debug|Win32
		{3E283F37-A4ED-41B7-A3E6-A2D89D131A30}.Debug|Win32.Build.0 = Debug|Win32
		{3E283F37-A4ED-41B7-A3E6-A2D89D131A30}.iOS|Any CPU.ActiveCfg = Release|Win32
		{3E283F37-A4ED-41B7-A3E6-A2D89D131A30}.iOS|Mixed Platforms.ActiveCfg = Release|Win32
		{3E283F37-A4ED-41B7-A3E6-A2D89D131A30}.iOS|Mixed Platforms.Build.0 = Release|Win32
		{3E283F37-A4ED-41B7-A3E6-A2D89D131A30}.iOS|Win32.ActiveCfg = Release|Win32
		{3E283F37-A4ED-41B7-A3E6-A2D89D131A30}.iOS|Win32.Build.0 = Release|Win32
		{3E283F37-A4ED-41B7-A3E6-A2D89D131A30}.Net20|Any CPU.ActiveCfg = Release|Win32
		{3E283F37-A4ED-41B7-A3E6-A2D89D131A30}.Net20|Mixed Platforms.ActiveCfg = Release|Win32
		{3E283F37-A4ED-41B7-A3E6-A2D89D131A30}.Net20|Mixed Platforms.Build.0 = Release|Win32
		{3E283F37-A4ED-41B7-A3E6-A2D89D131A30}.Net20|Win32.ActiveCfg = Release|Win32
		{3E283F37-A4ED-41B7-A3E6-A2D89D131A30}.Net20|Win32.Build.0 = Release|Win32
		{3E283F37-A4ED-41B7-A3E6-A2D89D131A30}.Profile|Any CPU.ActiveCfg = Release|Win32
		{3E283F37-A4ED-41B7-A3E6-A2D89D131A30}.Profile|Mixed Platforms.ActiveCfg = Release|Win32
		{3E283F37-A4ED-41B7-A3E6-A2D89D131A30}.Profile|Mixed Platforms.Build.0 = Release|Win32
		{3E283F37-A4ED-41B7-A3E6-A2D89D131A30}.Profile|Win32.ActiveCfg = Release|Win32
		{3E283F37-A4ED-41B7-A3E6-A2D89D131A30}.Profile|Win32.Build.0 = Release|Win32
		{3E283F37-A4ED-41B7-A3E6-A2D89D131A30}.Release|Any CPU.ActiveCfg = Release|Win32
		{3E283F37-A4ED-41B7-A3E6-A2D89D131A30}.Release|Mixed Platforms.ActiveCfg = Release|Win32
		{3E283F37-A4ED-41B7-A3E6-A2D89D131A30}.Release|Mixed Platforms.Build.0 = Release|Win32
		{3E283F37-A4ED-41B7-A3E6-A2D89D131A30}.Release|Win32.ActiveCfg = Release|Win32
		{3E283F37-A4ED-41B7-A3E6-A2D89D131A30}.Release|Win32.Build.0 = Release|Win32
		{3E283F37-A4ED-41B7-A3E6-A2D89D131A30}.Silverlight2|Any CPU.ActiveCfg = Release|Win32
		{3E283F37-A4ED-41B7-A3E6-A2D89D131A30}.Silverlight2|Mixed Platforms.ActiveCfg = Release|Win32
		{3E283F37-A4ED-41B7-A3E6-A2D89D131A30}.Silverlight2|Mixed Platforms.Build.0 = Release|Win32
		{3E283F37-A4ED-41B7-A3E6-A2D89D131A30}.Silverlight2|Win32.ActiveCfg = Release|Win32
		{3E283F37-A4ED-41B7-A3E6-A2D89D131A30}.Silverlight2|Win32.Build.0 = Release|Win32
		{3E283F37-A4ED-41B7-A3E6-A2D89D131A30}.Unity|Any CPU.ActiveCfg = Release|Win32
		{3E283F37-A4ED-41B7-A3E6-A2D89D131A30}.Unity|Mixed Platforms.ActiveCfg = Release|Win32
		{3E283F37-A4ED-41B7-A3E6-A2D89D131A30}.Unity|Mixed Platforms.Build.0 = Release|Win32
		{3E283F37-A4ED-41B7-A3E6-A2D89D131A30}.Unity|Win32.ActiveCfg = Release|Win32
		{3E283F37-A4ED-41B7-A3E6-A2D89D131A30}.Unity|Win32.Build.0 = Release|Win32
		{B84FF31A-5F9A-46F8-AB22-DBFC9BECE3BE}.CoreOnly|Any CPU.ActiveCfg = Release|Win32
		{B84FF31A-5F9A-46F8-AB22-DBFC9BECE3BE}.CoreOnly|Mixed Platforms.ActiveCfg = Release|Win32
		{B84FF31A-5F9A-46F8-AB22-DBFC9BECE3BE}.CoreOnly|Mixed Platforms.Build.0 = Release|Win32
		{B84FF31A-5F9A-46F8-AB22-DBFC9BECE3BE}.CoreOnly|Win32.ActiveCfg = Release|Win32
		{B84FF31A-5F9A-46F8-AB22-DBFC9BECE3BE}.CoreOnly|Win32.Build.0 = Release|Win32
		{B84FF31A-5F9A-46F8-AB22-DBFC9BECE3BE}.Debug|Any CPU.ActiveCfg = Debug|Win32
		{B84FF31A-5F9A-46F8-AB22-DBFC9BECE3BE}.Debug|Mixed Platforms.ActiveCfg = Debug|Win32
		{B84FF31A-5F9A-46F8-AB22-DBFC9BECE3BE}.Debug|Mixed Platforms.Build.0 = Debug|Win32
		{B84FF31A-5F9A-46F8-AB22-DBFC9BECE3BE}.Debug|Win32.ActiveCfg = Debug|Win32
		{B84FF31A-5F9A-46F8-AB22-DBFC9BECE3BE}.Debug|Win32.Build.0 = Debug|Win32
		{B84FF31A-5F9A-46F8-AB22-DBFC9BECE3BE}.iOS|Any CPU.ActiveCfg = Release|Win32
		{B84FF31A-5F9A-46F8-AB22-DBFC9BECE3BE}.iOS|Mixed Platforms.ActiveCfg = Release|Win32
		{B84FF31A-5F9A-46F8-AB22-DBFC9BECE3BE}.iOS|Mixed Platforms.Build.0 = Release|Win32
		{B84FF31A-5F9A-46F8-AB22-DBFC9BECE3BE}.iOS|Win32.ActiveCfg = Release|Win32
		{B84FF31A-5F9A-46F8-AB22-DBFC9BECE3BE}.iOS|Win32.Build.0 = Release|Win32
		{B84FF31A-5F9A-46F8-AB22-DBFC9BECE3BE}.Net20|Any CPU.ActiveCfg = Release|Win32
		{B84FF31A-5F9A-46F8-AB22-DBFC9BECE3BE}.Net20|Mixed Platforms.ActiveCfg = Release|Win32
		{B84FF31A-5F9A-46F8-AB22-DBFC9BECE3BE}.Net20|Mixed Platforms.Build.0 = Release|Win32
		{B84FF31A-5F9A-46F8-AB22-DBFC9BECE3BE}.Net20|Win32.ActiveCfg = Release|Win32
		{B84FF31A-5F9A-46F8-AB22-DBFC9BECE3BE}.Net20|Win32.Build.0 = Release|Win32
		{B84FF31A-5F9A-46F8-AB22-DBFC9BECE3BE}.Profile|Any CPU.ActiveCfg = Release|Win32
		{B84FF31A-5F9A-46F8-AB22-DBFC9BECE3BE}.Profile|Mixed Platforms.ActiveCfg = Release|Win32
		{B84FF31A-5F9A-46F8-AB22-DBFC9BECE3BE}.Profile|Mixed Platforms.Build.0 = Release|Win32
		{B84FF31A-5F9A-46F8-AB22-DBFC9BECE3BE}.Profile|Win32.ActiveCfg = Release|Win32
		{B84FF31A-5F9A-46F8-AB22-DBFC9BECE3BE}.Profile|Win32.Build.0 = Release|Win32
		{B84FF31A-5F9A-46F8-AB22-DBFC9BECE3BE}.Release|Any CPU.ActiveCfg = Release|Win32
		{B84FF31A-5F9A-46F8-AB22-DBFC9BECE3BE}.Release|Mixed Platforms.ActiveCfg = Release|Win32
		{B84FF31A-5F9A-46F8-AB22-DBFC9BECE3BE}.Release|Mixed Platforms.Build.0 = Release|Win32
		{B84FF31A-5F9A-46F8-AB22-DBFC9BECE3BE}.Release|Win32.ActiveCfg = Release|Win32
		{B84FF31A-5F9A-46F8-AB22-DBFC9BECE3BE}.Release|Win32.Build.0 = Release|Win32
		{B84FF31A-5F9A-46F8-AB22-DBFC9BECE3BE}.Silverlight2|Any CPU.ActiveCfg = Release|Win32
		{B84FF31A-5F9A-46F8-AB22-DBFC9BECE3BE}.Silverlight2|Mixed Platforms.ActiveCfg = Release|Win32
		{B84FF31A-5F9A-46F8-AB22-DBFC9BECE3BE}.Silverlight2|Mixed Platforms.Build.0 = Release|Win32
		{B84FF31A-5F9A-46F8-AB22-DBFC9BECE3BE}.Silverlight2|Win32.ActiveCfg = Release|Win32
		{B84FF31A-5F9A-46F8-AB22-DBFC9BECE3BE}.Silverlight2|Win32.Build.0 = Release|Win32
		{B84FF31A-5F9A-46F8-AB22-DBFC9BECE3BE}.Unity|Any CPU.ActiveCfg = Release|Win32
		{B84FF31A-5F9A-46F8-AB22-DBFC9BECE3BE}.Unity|Mixed Platforms.ActiveCfg = Release|Win32
		{B84FF31A-5F9A-46F8-AB22-DBFC9BECE3BE}.Unity|Mixed Platforms.Build.0 = Release|Win32
		{B84FF31A-5F9A-46F8-AB22-DBFC9BECE3BE}.Unity|Win32.ActiveCfg = Release|Win32
		{B84FF31A-5F9A-46F8-AB22-DBFC9BECE3BE}.Unity|Win32.Build.0 = Release|Win32
		{1738D5F6-ED1E-47E0-B2F0-456864B93C1E}.CoreOnly|Any CPU.ActiveCfg = Release|Win32
		{1738D5F6-ED1E-47E0-B2F0-456864B93C1E}.CoreOnly|Mixed Platforms.ActiveCfg = Release|Win32
		{1738D5F6-ED1E-47E0-B2F0-456864B93C1E}.CoreOnly|Mixed Platforms.Build.0 = Release|Win32
		{1738D5F6-ED1E-47E0-B2F0-456864B93C1E}.CoreOnly|Win32.ActiveCfg = Release|Win32
		{1738D5F6-ED1E-47E0-B2F0-456864B93C1E}.CoreOnly|Win32.Build.0 = Release|Win32
		{1738D5F6-ED1E-47E0-B2F0-456864B93C1E}.Debug|Any CPU.ActiveCfg = Debug|Win32
		{1738D5F6-ED1E-47E0-B2F0-456864B93C1E}.Debug|Mixed Platforms.ActiveCfg = Debug|Win32
		{1738D5F6-ED1E-47E0-B2F0-456864B93C1E}.Debug|Mixed Platforms.Build.0 = Debug|Win32
		{1738D5F6-ED1E-47E0-B2F0-456864B93C1E}.Debug|Win32.ActiveCfg = Debug|Win32
		{1738D5F6-ED1E-47E0-B2F0-456864B93C1E}.Debug|Win32.Build.0 = Debug|Win32
		{1738D5F6-ED1E-47E0-B2F0-456864B93C1E}.iOS|Any CPU.ActiveCfg = Release|Win32
		{1738D5F6-ED1E-47E0-B2F0-456864B93C1E}.iOS|Mixed Platforms.ActiveCfg = Release|Win32
		{1738D5F6-ED1E-47E0-B2F0-456864B93C1E}.iOS|Mixed Platforms.Build.0 = Release|Win32
		{1738D5F6-ED1E-47E0-B2F0-456864B93C1E}.iOS|Win32.ActiveCfg = Release|Win32
		{1738D5F6-ED1E-47E0-B2F0-456864B93C1E}.iOS|Win32.Build.0 = Release|Win32
		{1738D5F6-ED1E-47E0-B2F0-456864B93C1E}.Net20|Any CPU.ActiveCfg = Release|Win32
		{1738D5F6-ED1E-47E0-B2F0-456864B93C1E}.Net20|Mixed Platforms.ActiveCfg = Release|Win32
		{1738D5F6-ED1E-47E0-B2F0-456864B93C1E}.Net20|Mixed Platforms.Build.0 = Release|Win32
		{1738D5F6-ED1E-47E0-B2F0-456864B93C1E}.Net20|Win32.ActiveCfg = Release|Win32
		{1738D5F6-ED1E-47E0-B2F0-456864B93C1E}.Net20|Win32.Build.0 = Release|Win32
		{1738D5F6-ED1E-47E0-B2F0-456864B93C1E}.Profile|Any CPU.ActiveCfg = Release|Win32
		{1738D5F6-ED1E-47E0-B2F0-456864B93C1E}.Profile|Mixed Platforms.ActiveCfg = Release|Win32
		{1738D5F6-ED1E-47E0-B2F0-456864B93C1E}.Profile|Mixed Platforms.Build.0 = Release|Win32
		{1738D5F6-ED1E-47E0-B2F0-456864B93C1E}.Profile|Win32.ActiveCfg = Release|Win32
		{1738D5F6-ED1E-47E0-B2F0-456864B93C1E}.Profile|Win32.Build.0 = Release|Win32
		{1738D5F6-ED1E-47E0-B2F0-456864B93C1E}.Release|Any CPU.ActiveCfg = Release|Win32
		{1738D5F6-ED1E-47E0-B2F0-456864B93C1E}.Release|Mixed Platforms.ActiveCfg = Release|Win32
		{1738D5F6-ED1E-47E0-B2F0-456864B93C1E}.Release|Mixed Platforms.Build.0 = Release|Win32
		{1738D5F6-ED1E-47E0-B2F0-456864B93C1E}.Release|Win32.ActiveCfg = Release|Win32
		{1738D5F6-ED1E-47E0-B2F0-456864B93C1E}.Release|Win32.Build.0 = Release|Win32
		{1738D5F6-ED1E-47E0-B2F0-456864B93C1E}.Silverlight2|Any CPU.ActiveCfg = Release|Win32
		{1738D5F6-ED1E-47E0-B2F0-456864B93C1E}.Silverlight2|Mixed Platforms.ActiveCfg = Release|Win32
		{1738D5F6-ED1E-47E0-B2F0-456864B93C1E}.Silverlight2|Mixed Platforms.Build.0 = Release|Win32
		{1738D5F6-ED1E-47E0-B2F0-456864B93C1E}.Silverlight2|Win32.ActiveCfg = Release|Win32
		{1738D5F6-ED1E-47E0-B2F0-456864B93C1E}.Silverlight2|Win32.Build.0 = Release|Win32
		{1738D5F6-ED1E-47E0-B2F0-456864B93C1E}.Unity|Any CPU.ActiveCfg = Release|Win32
		{1738D5F6-ED1E-47E0-B2F0-456864B93C1E}.Unity|Mixed Platforms.ActiveCfg = Release|Win32
		{1738D5F6-ED1E-47E0-B2F0-456864B93C1E}.Unity|Mixed Platforms.Build.0 = Release|Win32
		{1738D5F6-ED1E-47E0-B2F0-456864B93C1E}.Unity|Win32.ActiveCfg = Release|Win32
		{1738D5F6-ED1E-47E0-B2F0-456864B93C1E}.Unity|Win32.Build.0 = Release|Win32
		{8374E4D7-2A91-48F1-9360-09B09CF27C3F}.CoreOnly|Any CPU.ActiveCfg = CoreOnly|Any CPU
		{8374E4D7-2A91-48F1-9360-09B09CF27C3F}.CoreOnly|Any CPU.Build.0 = CoreOnly|Any CPU
		{8374E4D7-2A91-48F1-9360-09B09CF27C3F}.CoreOnly|Mixed Platforms.ActiveCfg = CoreOnly|Any CPU
		{8374E4D7-2A91-48F1-9360-09B09CF27C3F}.CoreOnly|Mixed Platforms.Build.0 = CoreOnly|Any CPU
		{8374E4D7-2A91-48F1-9360-09B09CF27C3F}.CoreOnly|Win32.ActiveCfg = CoreOnly|Any CPU
		{8374E4D7-2A91-48F1-9360-09B09CF27C3F}.Debug|Any CPU.ActiveCfg = Debug|Any CPU
		{8374E4D7-2A91-48F1-9360-09B09CF27C3F}.Debug|Any CPU.Build.0 = Debug|Any CPU
		{8374E4D7-2A91-48F1-9360-09B09CF27C3F}.Debug|Mixed Platforms.ActiveCfg = Debug|Any CPU
		{8374E4D7-2A91-48F1-9360-09B09CF27C3F}.Debug|Mixed Platforms.Build.0 = Debug|Any CPU
		{8374E4D7-2A91-48F1-9360-09B09CF27C3F}.Debug|Win32.ActiveCfg = Debug|Any CPU
		{8374E4D7-2A91-48F1-9360-09B09CF27C3F}.iOS|Any CPU.ActiveCfg = iOS|Any CPU
		{8374E4D7-2A91-48F1-9360-09B09CF27C3F}.iOS|Any CPU.Build.0 = iOS|Any CPU
		{8374E4D7-2A91-48F1-9360-09B09CF27C3F}.iOS|Mixed Platforms.ActiveCfg = iOS|Any CPU
		{8374E4D7-2A91-48F1-9360-09B09CF27C3F}.iOS|Mixed Platforms.Build.0 = iOS|Any CPU
		{8374E4D7-2A91-48F1-9360-09B09CF27C3F}.iOS|Win32.ActiveCfg = iOS|Any CPU
		{8374E4D7-2A91-48F1-9360-09B09CF27C3F}.Net20|Any CPU.ActiveCfg = Net20|Any CPU
		{8374E4D7-2A91-48F1-9360-09B09CF27C3F}.Net20|Any CPU.Build.0 = Net20|Any CPU
		{8374E4D7-2A91-48F1-9360-09B09CF27C3F}.Net20|Mixed Platforms.ActiveCfg = Net20|Any CPU
		{8374E4D7-2A91-48F1-9360-09B09CF27C3F}.Net20|Mixed Platforms.Build.0 = Net20|Any CPU
		{8374E4D7-2A91-48F1-9360-09B09CF27C3F}.Net20|Win32.ActiveCfg = Net20|Any CPU
		{8374E4D7-2A91-48F1-9360-09B09CF27C3F}.Profile|Any CPU.ActiveCfg = Profile|Any CPU
		{8374E4D7-2A91-48F1-9360-09B09CF27C3F}.Profile|Any CPU.Build.0 = Profile|Any CPU
		{8374E4D7-2A91-48F1-9360-09B09CF27C3F}.Profile|Mixed Platforms.ActiveCfg = Profile|Any CPU
		{8374E4D7-2A91-48F1-9360-09B09CF27C3F}.Profile|Mixed Platforms.Build.0 = Profile|Any CPU
		{8374E4D7-2A91-48F1-9360-09B09CF27C3F}.Profile|Win32.ActiveCfg = Profile|Any CPU
		{8374E4D7-2A91-48F1-9360-09B09CF27C3F}.Release|Any CPU.ActiveCfg = Release|Any CPU
		{8374E4D7-2A91-48F1-9360-09B09CF27C3F}.Release|Any CPU.Build.0 = Release|Any CPU
		{8374E4D7-2A91-48F1-9360-09B09CF27C3F}.Release|Mixed Platforms.ActiveCfg = Release|Any CPU
		{8374E4D7-2A91-48F1-9360-09B09CF27C3F}.Release|Mixed Platforms.Build.0 = Release|Any CPU
		{8374E4D7-2A91-48F1-9360-09B09CF27C3F}.Release|Win32.ActiveCfg = Release|Any CPU
		{8374E4D7-2A91-48F1-9360-09B09CF27C3F}.Silverlight2|Any CPU.ActiveCfg = Silverlight2|Any CPU
		{8374E4D7-2A91-48F1-9360-09B09CF27C3F}.Silverlight2|Any CPU.Build.0 = Silverlight2|Any CPU
		{8374E4D7-2A91-48F1-9360-09B09CF27C3F}.Silverlight2|Mixed Platforms.ActiveCfg = Silverlight2|Any CPU
		{8374E4D7-2A91-48F1-9360-09B09CF27C3F}.Silverlight2|Mixed Platforms.Build.0 = Silverlight2|Any CPU
		{8374E4D7-2A91-48F1-9360-09B09CF27C3F}.Silverlight2|Win32.ActiveCfg = Silverlight2|Any CPU
		{8374E4D7-2A91-48F1-9360-09B09CF27C3F}.Unity|Any CPU.ActiveCfg = Unity|Any CPU
		{8374E4D7-2A91-48F1-9360-09B09CF27C3F}.Unity|Any CPU.Build.0 = Unity|Any CPU
		{8374E4D7-2A91-48F1-9360-09B09CF27C3F}.Unity|Mixed Platforms.ActiveCfg = Unity|Any CPU
		{8374E4D7-2A91-48F1-9360-09B09CF27C3F}.Unity|Mixed Platforms.Build.0 = Unity|Any CPU
		{8374E4D7-2A91-48F1-9360-09B09CF27C3F}.Unity|Win32.ActiveCfg = Unity|Any CPU
		{F6CBE303-3B5F-4CCC-B0B7-D81A6BD462C9}.CoreOnly|Any CPU.ActiveCfg = CoreOnly|Any CPU
		{F6CBE303-3B5F-4CCC-B0B7-D81A6BD462C9}.CoreOnly|Any CPU.Build.0 = CoreOnly|Any CPU
		{F6CBE303-3B5F-4CCC-B0B7-D81A6BD462C9}.CoreOnly|Mixed Platforms.ActiveCfg = CoreOnly|Any CPU
		{F6CBE303-3B5F-4CCC-B0B7-D81A6BD462C9}.CoreOnly|Mixed Platforms.Build.0 = CoreOnly|Any CPU
		{F6CBE303-3B5F-4CCC-B0B7-D81A6BD462C9}.CoreOnly|Win32.ActiveCfg = CoreOnly|Any CPU
		{F6CBE303-3B5F-4CCC-B0B7-D81A6BD462C9}.Debug|Any CPU.ActiveCfg = Debug|Any CPU
		{F6CBE303-3B5F-4CCC-B0B7-D81A6BD462C9}.Debug|Any CPU.Build.0 = Debug|Any CPU
		{F6CBE303-3B5F-4CCC-B0B7-D81A6BD462C9}.Debug|Mixed Platforms.ActiveCfg = Debug|Any CPU
		{F6CBE303-3B5F-4CCC-B0B7-D81A6BD462C9}.Debug|Mixed Platforms.Build.0 = Debug|Any CPU
		{F6CBE303-3B5F-4CCC-B0B7-D81A6BD462C9}.Debug|Win32.ActiveCfg = Debug|Any CPU
		{F6CBE303-3B5F-4CCC-B0B7-D81A6BD462C9}.iOS|Any CPU.ActiveCfg = iOS|Any CPU
		{F6CBE303-3B5F-4CCC-B0B7-D81A6BD462C9}.iOS|Any CPU.Build.0 = iOS|Any CPU
		{F6CBE303-3B5F-4CCC-B0B7-D81A6BD462C9}.iOS|Mixed Platforms.ActiveCfg = iOS|Any CPU
		{F6CBE303-3B5F-4CCC-B0B7-D81A6BD462C9}.iOS|Mixed Platforms.Build.0 = iOS|Any CPU
		{F6CBE303-3B5F-4CCC-B0B7-D81A6BD462C9}.iOS|Win32.ActiveCfg = iOS|Any CPU
		{F6CBE303-3B5F-4CCC-B0B7-D81A6BD462C9}.Net20|Any CPU.ActiveCfg = CoreOnly|Any CPU
		{F6CBE303-3B5F-4CCC-B0B7-D81A6BD462C9}.Net20|Any CPU.Build.0 = CoreOnly|Any CPU
		{F6CBE303-3B5F-4CCC-B0B7-D81A6BD462C9}.Net20|Mixed Platforms.ActiveCfg = CoreOnly|Any CPU
		{F6CBE303-3B5F-4CCC-B0B7-D81A6BD462C9}.Net20|Mixed Platforms.Build.0 = CoreOnly|Any CPU
		{F6CBE303-3B5F-4CCC-B0B7-D81A6BD462C9}.Net20|Win32.ActiveCfg = CoreOnly|Any CPU
		{F6CBE303-3B5F-4CCC-B0B7-D81A6BD462C9}.Profile|Any CPU.ActiveCfg = CoreOnly|Any CPU
		{F6CBE303-3B5F-4CCC-B0B7-D81A6BD462C9}.Profile|Any CPU.Build.0 = CoreOnly|Any CPU
		{F6CBE303-3B5F-4CCC-B0B7-D81A6BD462C9}.Profile|Mixed Platforms.ActiveCfg = CoreOnly|Any CPU
		{F6CBE303-3B5F-4CCC-B0B7-D81A6BD462C9}.Profile|Mixed Platforms.Build.0 = CoreOnly|Any CPU
		{F6CBE303-3B5F-4CCC-B0B7-D81A6BD462C9}.Profile|Win32.ActiveCfg = CoreOnly|Any CPU
		{F6CBE303-3B5F-4CCC-B0B7-D81A6BD462C9}.Release|Any CPU.ActiveCfg = Release|Any CPU
		{F6CBE303-3B5F-4CCC-B0B7-D81A6BD462C9}.Release|Any CPU.Build.0 = Release|Any CPU
		{F6CBE303-3B5F-4CCC-B0B7-D81A6BD462C9}.Release|Mixed Platforms.ActiveCfg = Release|Any CPU
		{F6CBE303-3B5F-4CCC-B0B7-D81A6BD462C9}.Release|Mixed Platforms.Build.0 = Release|Any CPU
		{F6CBE303-3B5F-4CCC-B0B7-D81A6BD462C9}.Release|Win32.ActiveCfg = Release|Any CPU
		{F6CBE303-3B5F-4CCC-B0B7-D81A6BD462C9}.Silverlight2|Any CPU.ActiveCfg = CoreOnly|Any CPU
		{F6CBE303-3B5F-4CCC-B0B7-D81A6BD462C9}.Silverlight2|Any CPU.Build.0 = CoreOnly|Any CPU
		{F6CBE303-3B5F-4CCC-B0B7-D81A6BD462C9}.Silverlight2|Mixed Platforms.ActiveCfg = CoreOnly|Any CPU
		{F6CBE303-3B5F-4CCC-B0B7-D81A6BD462C9}.Silverlight2|Mixed Platforms.Build.0 = CoreOnly|Any CPU
		{F6CBE303-3B5F-4CCC-B0B7-D81A6BD462C9}.Silverlight2|Win32.ActiveCfg = CoreOnly|Any CPU
		{F6CBE303-3B5F-4CCC-B0B7-D81A6BD462C9}.Unity|Any CPU.ActiveCfg = Unity|Any CPU
		{F6CBE303-3B5F-4CCC-B0B7-D81A6BD462C9}.Unity|Any CPU.Build.0 = Unity|Any CPU
		{F6CBE303-3B5F-4CCC-B0B7-D81A6BD462C9}.Unity|Mixed Platforms.ActiveCfg = Unity|Any CPU
		{F6CBE303-3B5F-4CCC-B0B7-D81A6BD462C9}.Unity|Mixed Platforms.Build.0 = Unity|Any CPU
		{F6CBE303-3B5F-4CCC-B0B7-D81A6BD462C9}.Unity|Win32.ActiveCfg = Unity|Any CPU
		{D0E726C6-2653-47B6-82D5-18B069956FDA}.CoreOnly|Any CPU.ActiveCfg = Release|Any CPU
		{D0E726C6-2653-47B6-82D5-18B069956FDA}.CoreOnly|Any CPU.Build.0 = Release|Any CPU
		{D0E726C6-2653-47B6-82D5-18B069956FDA}.CoreOnly|Mixed Platforms.ActiveCfg = Release|Any CPU
		{D0E726C6-2653-47B6-82D5-18B069956FDA}.CoreOnly|Mixed Platforms.Build.0 = Release|Any CPU
		{D0E726C6-2653-47B6-82D5-18B069956FDA}.CoreOnly|Win32.ActiveCfg = Release|Any CPU
		{D0E726C6-2653-47B6-82D5-18B069956FDA}.Debug|Any CPU.ActiveCfg = Debug|Any CPU
		{D0E726C6-2653-47B6-82D5-18B069956FDA}.Debug|Any CPU.Build.0 = Debug|Any CPU
		{D0E726C6-2653-47B6-82D5-18B069956FDA}.Debug|Mixed Platforms.ActiveCfg = Debug|Any CPU
		{D0E726C6-2653-47B6-82D5-18B069956FDA}.Debug|Mixed Platforms.Build.0 = Debug|Any CPU
		{D0E726C6-2653-47B6-82D5-18B069956FDA}.Debug|Win32.ActiveCfg = Debug|Any CPU
		{D0E726C6-2653-47B6-82D5-18B069956FDA}.iOS|Any CPU.ActiveCfg = Release|Any CPU
		{D0E726C6-2653-47B6-82D5-18B069956FDA}.iOS|Any CPU.Build.0 = Release|Any CPU
		{D0E726C6-2653-47B6-82D5-18B069956FDA}.iOS|Mixed Platforms.ActiveCfg = Release|Any CPU
		{D0E726C6-2653-47B6-82D5-18B069956FDA}.iOS|Mixed Platforms.Build.0 = Release|Any CPU
		{D0E726C6-2653-47B6-82D5-18B069956FDA}.iOS|Win32.ActiveCfg = Release|Any CPU
		{D0E726C6-2653-47B6-82D5-18B069956FDA}.Net20|Any CPU.ActiveCfg = Release|Any CPU
		{D0E726C6-2653-47B6-82D5-18B069956FDA}.Net20|Any CPU.Build.0 = Release|Any CPU
		{D0E726C6-2653-47B6-82D5-18B069956FDA}.Net20|Mixed Platforms.ActiveCfg = Release|Any CPU
		{D0E726C6-2653-47B6-82D5-18B069956FDA}.Net20|Mixed Platforms.Build.0 = Release|Any CPU
		{D0E726C6-2653-47B6-82D5-18B069956FDA}.Net20|Win32.ActiveCfg = Release|Any CPU
		{D0E726C6-2653-47B6-82D5-18B069956FDA}.Profile|Any CPU.ActiveCfg = Release|Any CPU
		{D0E726C6-2653-47B6-82D5-18B069956FDA}.Profile|Any CPU.Build.0 = Release|Any CPU
		{D0E726C6-2653-47B6-82D5-18B069956FDA}.Profile|Mixed Platforms.ActiveCfg = Release|Any CPU
		{D0E726C6-2653-47B6-82D5-18B069956FDA}.Profile|Mixed Platforms.Build.0 = Release|Any CPU
		{D0E726C6-2653-47B6-82D5-18B069956FDA}.Profile|Win32.ActiveCfg = Release|Any CPU
		{D0E726C6-2653-47B6-82D5-18B069956FDA}.Release|Any CPU.ActiveCfg = Release|Any CPU
		{D0E726C6-2653-47B6-82D5-18B069956FDA}.Release|Any CPU.Build.0 = Release|Any CPU
		{D0E726C6-2653-47B6-82D5-18B069956FDA}.Release|Mixed Platforms.ActiveCfg = Release|Any CPU
		{D0E726C6-2653-47B6-82D5-18B069956FDA}.Release|Mixed Platforms.Build.0 = Release|Any CPU
		{D0E726C6-2653-47B6-82D5-18B069956FDA}.Release|Win32.ActiveCfg = Release|Any CPU
		{D0E726C6-2653-47B6-82D5-18B069956FDA}.Silverlight2|Any CPU.ActiveCfg = Release|Any CPU
		{D0E726C6-2653-47B6-82D5-18B069956FDA}.Silverlight2|Any CPU.Build.0 = Release|Any CPU
		{D0E726C6-2653-47B6-82D5-18B069956FDA}.Silverlight2|Mixed Platforms.ActiveCfg = Release|Any CPU
		{D0E726C6-2653-47B6-82D5-18B069956FDA}.Silverlight2|Mixed Platforms.Build.0 = Release|Any CPU
		{D0E726C6-2653-47B6-82D5-18B069956FDA}.Silverlight2|Win32.ActiveCfg = Release|Any CPU
		{D0E726C6-2653-47B6-82D5-18B069956FDA}.Unity|Any CPU.ActiveCfg = Release|Any CPU
		{D0E726C6-2653-47B6-82D5-18B069956FDA}.Unity|Any CPU.Build.0 = Release|Any CPU
		{D0E726C6-2653-47B6-82D5-18B069956FDA}.Unity|Mixed Platforms.ActiveCfg = Release|Any CPU
		{D0E726C6-2653-47B6-82D5-18B069956FDA}.Unity|Mixed Platforms.Build.0 = Release|Any CPU
		{D0E726C6-2653-47B6-82D5-18B069956FDA}.Unity|Win32.ActiveCfg = Release|Any CPU
		{760004E7-ECD9-49E8-BB4D-BFC407C73939}.CoreOnly|Any CPU.ActiveCfg = Release|Win32
		{760004E7-ECD9-49E8-BB4D-BFC407C73939}.CoreOnly|Mixed Platforms.ActiveCfg = Release|Win32
		{760004E7-ECD9-49E8-BB4D-BFC407C73939}.CoreOnly|Mixed Platforms.Build.0 = Release|Win32
		{760004E7-ECD9-49E8-BB4D-BFC407C73939}.CoreOnly|Win32.ActiveCfg = Release|Win32
		{760004E7-ECD9-49E8-BB4D-BFC407C73939}.CoreOnly|Win32.Build.0 = Release|Win32
		{760004E7-ECD9-49E8-BB4D-BFC407C73939}.Debug|Any CPU.ActiveCfg = Debug|Win32
		{760004E7-ECD9-49E8-BB4D-BFC407C73939}.Debug|Mixed Platforms.ActiveCfg = Debug|Win32
		{760004E7-ECD9-49E8-BB4D-BFC407C73939}.Debug|Mixed Platforms.Build.0 = Debug|Win32
		{760004E7-ECD9-49E8-BB4D-BFC407C73939}.Debug|Win32.ActiveCfg = Debug|Win32
		{760004E7-ECD9-49E8-BB4D-BFC407C73939}.Debug|Win32.Build.0 = Debug|Win32
		{760004E7-ECD9-49E8-BB4D-BFC407C73939}.iOS|Any CPU.ActiveCfg = Release|Win32
		{760004E7-ECD9-49E8-BB4D-BFC407C73939}.iOS|Mixed Platforms.ActiveCfg = Release|Win32
		{760004E7-ECD9-49E8-BB4D-BFC407C73939}.iOS|Mixed Platforms.Build.0 = Release|Win32
		{760004E7-ECD9-49E8-BB4D-BFC407C73939}.iOS|Win32.ActiveCfg = Release|Win32
		{760004E7-ECD9-49E8-BB4D-BFC407C73939}.iOS|Win32.Build.0 = Release|Win32
		{760004E7-ECD9-49E8-BB4D-BFC407C73939}.Net20|Any CPU.ActiveCfg = Release|Win32
		{760004E7-ECD9-49E8-BB4D-BFC407C73939}.Net20|Mixed Platforms.ActiveCfg = Release|Win32
		{760004E7-ECD9-49E8-BB4D-BFC407C73939}.Net20|Mixed Platforms.Build.0 = Release|Win32
		{760004E7-ECD9-49E8-BB4D-BFC407C73939}.Net20|Win32.ActiveCfg = Release|Win32
		{760004E7-ECD9-49E8-BB4D-BFC407C73939}.Net20|Win32.Build.0 = Release|Win32
		{760004E7-ECD9-49E8-BB4D-BFC407C73939}.Profile|Any CPU.ActiveCfg = Release|Win32
		{760004E7-ECD9-49E8-BB4D-BFC407C73939}.Profile|Mixed Platforms.ActiveCfg = Release|Win32
		{760004E7-ECD9-49E8-BB4D-BFC407C73939}.Profile|Mixed Platforms.Build.0 = Release|Win32
		{760004E7-ECD9-49E8-BB4D-BFC407C73939}.Profile|Win32.ActiveCfg = Release|Win32
		{760004E7-ECD9-49E8-BB4D-BFC407C73939}.Profile|Win32.Build.0 = Release|Win32
		{760004E7-ECD9-49E8-BB4D-BFC407C73939}.Release|Any CPU.ActiveCfg = Release|Win32
		{760004E7-ECD9-49E8-BB4D-BFC407C73939}.Release|Mixed Platforms.ActiveCfg = Release|Win32
		{760004E7-ECD9-49E8-BB4D-BFC407C73939}.Release|Mixed Platforms.Build.0 = Release|Win32
		{760004E7-ECD9-49E8-BB4D-BFC407C73939}.Release|Win32.ActiveCfg = Release|Win32
		{760004E7-ECD9-49E8-BB4D-BFC407C73939}.Release|Win32.Build.0 = Release|Win32
		{760004E7-ECD9-49E8-BB4D-BFC407C73939}.Silverlight2|Any CPU.ActiveCfg = Release|Win32
		{760004E7-ECD9-49E8-BB4D-BFC407C73939}.Silverlight2|Mixed Platforms.ActiveCfg = Release|Win32
		{760004E7-ECD9-49E8-BB4D-BFC407C73939}.Silverlight2|Mixed Platforms.Build.0 = Release|Win32
		{760004E7-ECD9-49E8-BB4D-BFC407C73939}.Silverlight2|Win32.ActiveCfg = Release|Win32
		{760004E7-ECD9-49E8-BB4D-BFC407C73939}.Silverlight2|Win32.Build.0 = Release|Win32
		{760004E7-ECD9-49E8-BB4D-BFC407C73939}.Unity|Any CPU.ActiveCfg = Release|Win32
		{760004E7-ECD9-49E8-BB4D-BFC407C73939}.Unity|Mixed Platforms.ActiveCfg = Release|Win32
		{760004E7-ECD9-49E8-BB4D-BFC407C73939}.Unity|Mixed Platforms.Build.0 = Release|Win32
		{760004E7-ECD9-49E8-BB4D-BFC407C73939}.Unity|Win32.ActiveCfg = Release|Win32
		{760004E7-ECD9-49E8-BB4D-BFC407C73939}.Unity|Win32.Build.0 = Release|Win32
		{E6FC8695-0C23-4E37-8BBC-65204AAAB3CC}.CoreOnly|Any CPU.ActiveCfg = Release|Any CPU
		{E6FC8695-0C23-4E37-8BBC-65204AAAB3CC}.CoreOnly|Any CPU.Build.0 = Release|Any CPU
		{E6FC8695-0C23-4E37-8BBC-65204AAAB3CC}.CoreOnly|Mixed Platforms.ActiveCfg = Release|Any CPU
		{E6FC8695-0C23-4E37-8BBC-65204AAAB3CC}.CoreOnly|Mixed Platforms.Build.0 = Release|Any CPU
		{E6FC8695-0C23-4E37-8BBC-65204AAAB3CC}.CoreOnly|Win32.ActiveCfg = Release|Any CPU
		{E6FC8695-0C23-4E37-8BBC-65204AAAB3CC}.Debug|Any CPU.ActiveCfg = Debug|Any CPU
		{E6FC8695-0C23-4E37-8BBC-65204AAAB3CC}.Debug|Any CPU.Build.0 = Debug|Any CPU
		{E6FC8695-0C23-4E37-8BBC-65204AAAB3CC}.Debug|Mixed Platforms.ActiveCfg = Debug|Any CPU
		{E6FC8695-0C23-4E37-8BBC-65204AAAB3CC}.Debug|Mixed Platforms.Build.0 = Debug|Any CPU
		{E6FC8695-0C23-4E37-8BBC-65204AAAB3CC}.Debug|Win32.ActiveCfg = Debug|Any CPU
		{E6FC8695-0C23-4E37-8BBC-65204AAAB3CC}.iOS|Any CPU.ActiveCfg = Release|Any CPU
		{E6FC8695-0C23-4E37-8BBC-65204AAAB3CC}.iOS|Any CPU.Build.0 = Release|Any CPU
		{E6FC8695-0C23-4E37-8BBC-65204AAAB3CC}.iOS|Mixed Platforms.ActiveCfg = Release|Any CPU
		{E6FC8695-0C23-4E37-8BBC-65204AAAB3CC}.iOS|Mixed Platforms.Build.0 = Release|Any CPU
		{E6FC8695-0C23-4E37-8BBC-65204AAAB3CC}.iOS|Win32.ActiveCfg = Release|Any CPU
		{E6FC8695-0C23-4E37-8BBC-65204AAAB3CC}.Net20|Any CPU.ActiveCfg = Release|Any CPU
		{E6FC8695-0C23-4E37-8BBC-65204AAAB3CC}.Net20|Any CPU.Build.0 = Release|Any CPU
		{E6FC8695-0C23-4E37-8BBC-65204AAAB3CC}.Net20|Mixed Platforms.ActiveCfg = Release|Any CPU
		{E6FC8695-0C23-4E37-8BBC-65204AAAB3CC}.Net20|Mixed Platforms.Build.0 = Release|Any CPU
		{E6FC8695-0C23-4E37-8BBC-65204AAAB3CC}.Net20|Win32.ActiveCfg = Release|Any CPU
		{E6FC8695-0C23-4E37-8BBC-65204AAAB3CC}.Profile|Any CPU.ActiveCfg = Release|Any CPU
		{E6FC8695-0C23-4E37-8BBC-65204AAAB3CC}.Profile|Any CPU.Build.0 = Release|Any CPU
		{E6FC8695-0C23-4E37-8BBC-65204AAAB3CC}.Profile|Mixed Platforms.ActiveCfg = Release|Any CPU
		{E6FC8695-0C23-4E37-8BBC-65204AAAB3CC}.Profile|Mixed Platforms.Build.0 = Release|Any CPU
		{E6FC8695-0C23-4E37-8BBC-65204AAAB3CC}.Profile|Win32.ActiveCfg = Release|Any CPU
		{E6FC8695-0C23-4E37-8BBC-65204AAAB3CC}.Release|Any CPU.ActiveCfg = Release|Any CPU
		{E6FC8695-0C23-4E37-8BBC-65204AAAB3CC}.Release|Any CPU.Build.0 = Release|Any CPU
		{E6FC8695-0C23-4E37-8BBC-65204AAAB3CC}.Release|Mixed Platforms.ActiveCfg = Release|Any CPU
		{E6FC8695-0C23-4E37-8BBC-65204AAAB3CC}.Release|Mixed Platforms.Build.0 = Release|Any CPU
		{E6FC8695-0C23-4E37-8BBC-65204AAAB3CC}.Release|Win32.ActiveCfg = Release|Any CPU
		{E6FC8695-0C23-4E37-8BBC-65204AAAB3CC}.Silverlight2|Any CPU.ActiveCfg = Release|Any CPU
		{E6FC8695-0C23-4E37-8BBC-65204AAAB3CC}.Silverlight2|Any CPU.Build.0 = Release|Any CPU
		{E6FC8695-0C23-4E37-8BBC-65204AAAB3CC}.Silverlight2|Mixed Platforms.ActiveCfg = Release|Any CPU
		{E6FC8695-0C23-4E37-8BBC-65204AAAB3CC}.Silverlight2|Mixed Platforms.Build.0 = Release|Any CPU
		{E6FC8695-0C23-4E37-8BBC-65204AAAB3CC}.Silverlight2|Win32.ActiveCfg = Release|Any CPU
		{E6FC8695-0C23-4E37-8BBC-65204AAAB3CC}.Unity|Any CPU.ActiveCfg = Release|Any CPU
		{E6FC8695-0C23-4E37-8BBC-65204AAAB3CC}.Unity|Any CPU.Build.0 = Release|Any CPU
		{E6FC8695-0C23-4E37-8BBC-65204AAAB3CC}.Unity|Mixed Platforms.ActiveCfg = Release|Any CPU
		{E6FC8695-0C23-4E37-8BBC-65204AAAB3CC}.Unity|Mixed Platforms.Build.0 = Release|Any CPU
		{E6FC8695-0C23-4E37-8BBC-65204AAAB3CC}.Unity|Win32.ActiveCfg = Release|Any CPU
		{0123B29C-3169-4918-A2D4-CB41A7382175}.CoreOnly|Any CPU.ActiveCfg = Release|Any CPU
		{0123B29C-3169-4918-A2D4-CB41A7382175}.CoreOnly|Any CPU.Build.0 = Release|Any CPU
		{0123B29C-3169-4918-A2D4-CB41A7382175}.CoreOnly|Mixed Platforms.ActiveCfg = Release|Any CPU
		{0123B29C-3169-4918-A2D4-CB41A7382175}.CoreOnly|Mixed Platforms.Build.0 = Release|Any CPU
		{0123B29C-3169-4918-A2D4-CB41A7382175}.CoreOnly|Win32.ActiveCfg = Release|Any CPU
		{0123B29C-3169-4918-A2D4-CB41A7382175}.Debug|Any CPU.ActiveCfg = Debug|Any CPU
		{0123B29C-3169-4918-A2D4-CB41A7382175}.Debug|Any CPU.Build.0 = Debug|Any CPU
		{0123B29C-3169-4918-A2D4-CB41A7382175}.Debug|Mixed Platforms.ActiveCfg = Debug|Any CPU
		{0123B29C-3169-4918-A2D4-CB41A7382175}.Debug|Mixed Platforms.Build.0 = Debug|Any CPU
		{0123B29C-3169-4918-A2D4-CB41A7382175}.Debug|Win32.ActiveCfg = Debug|Any CPU
		{0123B29C-3169-4918-A2D4-CB41A7382175}.iOS|Any CPU.ActiveCfg = Release|Any CPU
		{0123B29C-3169-4918-A2D4-CB41A7382175}.iOS|Any CPU.Build.0 = Release|Any CPU
		{0123B29C-3169-4918-A2D4-CB41A7382175}.iOS|Mixed Platforms.ActiveCfg = Release|Any CPU
		{0123B29C-3169-4918-A2D4-CB41A7382175}.iOS|Mixed Platforms.Build.0 = Release|Any CPU
		{0123B29C-3169-4918-A2D4-CB41A7382175}.iOS|Win32.ActiveCfg = Release|Any CPU
		{0123B29C-3169-4918-A2D4-CB41A7382175}.Net20|Any CPU.ActiveCfg = Release|Any CPU
		{0123B29C-3169-4918-A2D4-CB41A7382175}.Net20|Any CPU.Build.0 = Release|Any CPU
		{0123B29C-3169-4918-A2D4-CB41A7382175}.Net20|Mixed Platforms.ActiveCfg = Release|Any CPU
		{0123B29C-3169-4918-A2D4-CB41A7382175}.Net20|Mixed Platforms.Build.0 = Release|Any CPU
		{0123B29C-3169-4918-A2D4-CB41A7382175}.Net20|Win32.ActiveCfg = Release|Any CPU
		{0123B29C-3169-4918-A2D4-CB41A7382175}.Profile|Any CPU.ActiveCfg = Release|Any CPU
		{0123B29C-3169-4918-A2D4-CB41A7382175}.Profile|Any CPU.Build.0 = Release|Any CPU
		{0123B29C-3169-4918-A2D4-CB41A7382175}.Profile|Mixed Platforms.ActiveCfg = Release|Any CPU
		{0123B29C-3169-4918-A2D4-CB41A7382175}.Profile|Mixed Platforms.Build.0 = Release|Any CPU
		{0123B29C-3169-4918-A2D4-CB41A7382175}.Profile|Win32.ActiveCfg = Release|Any CPU
		{0123B29C-3169-4918-A2D4-CB41A7382175}.Release|Any CPU.ActiveCfg = Release|Any CPU
		{0123B29C-3169-4918-A2D4-CB41A7382175}.Release|Any CPU.Build.0 = Release|Any CPU
		{0123B29C-3169-4918-A2D4-CB41A7382175}.Release|Mixed Platforms.ActiveCfg = Release|Any CPU
		{0123B29C-3169-4918-A2D4-CB41A7382175}.Release|Mixed Platforms.Build.0 = Release|Any CPU
		{0123B29C-3169-4918-A2D4-CB41A7382175}.Release|Win32.ActiveCfg = Release|Any CPU
		{0123B29C-3169-4918-A2D4-CB41A7382175}.Silverlight2|Any CPU.ActiveCfg = Release|Any CPU
		{0123B29C-3169-4918-A2D4-CB41A7382175}.Silverlight2|Any CPU.Build.0 = Release|Any CPU
		{0123B29C-3169-4918-A2D4-CB41A7382175}.Silverlight2|Mixed Platforms.ActiveCfg = Release|Any CPU
		{0123B29C-3169-4918-A2D4-CB41A7382175}.Silverlight2|Mixed Platforms.Build.0 = Release|Any CPU
		{0123B29C-3169-4918-A2D4-CB41A7382175}.Silverlight2|Win32.ActiveCfg = Release|Any CPU
		{0123B29C-3169-4918-A2D4-CB41A7382175}.Unity|Any CPU.ActiveCfg = Release|Any CPU
		{0123B29C-3169-4918-A2D4-CB41A7382175}.Unity|Any CPU.Build.0 = Release|Any CPU
		{0123B29C-3169-4918-A2D4-CB41A7382175}.Unity|Mixed Platforms.ActiveCfg = Release|Any CPU
		{0123B29C-3169-4918-A2D4-CB41A7382175}.Unity|Mixed Platforms.Build.0 = Release|Any CPU
		{0123B29C-3169-4918-A2D4-CB41A7382175}.Unity|Win32.ActiveCfg = Release|Any CPU
		{7C5EC0C7-6973-41DE-9ADA-13C810AB3034}.CoreOnly|Any CPU.ActiveCfg = Release|Any CPU
		{7C5EC0C7-6973-41DE-9ADA-13C810AB3034}.CoreOnly|Any CPU.Build.0 = Release|Any CPU
		{7C5EC0C7-6973-41DE-9ADA-13C810AB3034}.CoreOnly|Mixed Platforms.ActiveCfg = Release|Any CPU
		{7C5EC0C7-6973-41DE-9ADA-13C810AB3034}.CoreOnly|Mixed Platforms.Build.0 = Release|Any CPU
		{7C5EC0C7-6973-41DE-9ADA-13C810AB3034}.CoreOnly|Win32.ActiveCfg = Release|Any CPU
		{7C5EC0C7-6973-41DE-9ADA-13C810AB3034}.Debug|Any CPU.ActiveCfg = Debug|Any CPU
		{7C5EC0C7-6973-41DE-9ADA-13C810AB3034}.Debug|Any CPU.Build.0 = Debug|Any CPU
		{7C5EC0C7-6973-41DE-9ADA-13C810AB3034}.Debug|Mixed Platforms.ActiveCfg = Debug|Any CPU
		{7C5EC0C7-6973-41DE-9ADA-13C810AB3034}.Debug|Mixed Platforms.Build.0 = Debug|Any CPU
		{7C5EC0C7-6973-41DE-9ADA-13C810AB3034}.Debug|Win32.ActiveCfg = Debug|Any CPU
		{7C5EC0C7-6973-41DE-9ADA-13C810AB3034}.iOS|Any CPU.ActiveCfg = Release|Any CPU
		{7C5EC0C7-6973-41DE-9ADA-13C810AB3034}.iOS|Any CPU.Build.0 = Release|Any CPU
		{7C5EC0C7-6973-41DE-9ADA-13C810AB3034}.iOS|Mixed Platforms.ActiveCfg = Release|Any CPU
		{7C5EC0C7-6973-41DE-9ADA-13C810AB3034}.iOS|Mixed Platforms.Build.0 = Release|Any CPU
		{7C5EC0C7-6973-41DE-9ADA-13C810AB3034}.iOS|Win32.ActiveCfg = Release|Any CPU
		{7C5EC0C7-6973-41DE-9ADA-13C810AB3034}.Net20|Any CPU.ActiveCfg = Release|Any CPU
		{7C5EC0C7-6973-41DE-9ADA-13C810AB3034}.Net20|Any CPU.Build.0 = Release|Any CPU
		{7C5EC0C7-6973-41DE-9ADA-13C810AB3034}.Net20|Mixed Platforms.ActiveCfg = Release|Any CPU
		{7C5EC0C7-6973-41DE-9ADA-13C810AB3034}.Net20|Mixed Platforms.Build.0 = Release|Any CPU
		{7C5EC0C7-6973-41DE-9ADA-13C810AB3034}.Net20|Win32.ActiveCfg = Release|Any CPU
		{7C5EC0C7-6973-41DE-9ADA-13C810AB3034}.Profile|Any CPU.ActiveCfg = Release|Any CPU
		{7C5EC0C7-6973-41DE-9ADA-13C810AB3034}.Profile|Any CPU.Build.0 = Release|Any CPU
		{7C5EC0C7-6973-41DE-9ADA-13C810AB3034}.Profile|Mixed Platforms.ActiveCfg = Release|Any CPU
		{7C5EC0C7-6973-41DE-9ADA-13C810AB3034}.Profile|Mixed Platforms.Build.0 = Release|Any CPU
		{7C5EC0C7-6973-41DE-9ADA-13C810AB3034}.Profile|Win32.ActiveCfg = Release|Any CPU
		{7C5EC0C7-6973-41DE-9ADA-13C810AB3034}.Release|Any CPU.ActiveCfg = Release|Any CPU
		{7C5EC0C7-6973-41DE-9ADA-13C810AB3034}.Release|Any CPU.Build.0 = Release|Any CPU
		{7C5EC0C7-6973-41DE-9ADA-13C810AB3034}.Release|Mixed Platforms.ActiveCfg = Release|Any CPU
		{7C5EC0C7-6973-41DE-9ADA-13C810AB3034}.Release|Mixed Platforms.Build.0 = Release|Any CPU
		{7C5EC0C7-6973-41DE-9ADA-13C810AB3034}.Release|Win32.ActiveCfg = Release|Any CPU
		{7C5EC0C7-6973-41DE-9ADA-13C810AB3034}.Silverlight2|Any CPU.ActiveCfg = Release|Any CPU
		{7C5EC0C7-6973-41DE-9ADA-13C810AB3034}.Silverlight2|Any CPU.Build.0 = Release|Any CPU
		{7C5EC0C7-6973-41DE-9ADA-13C810AB3034}.Silverlight2|Mixed Platforms.ActiveCfg = Release|Any CPU
		{7C5EC0C7-6973-41DE-9ADA-13C810AB3034}.Silverlight2|Mixed Platforms.Build.0 = Release|Any CPU
		{7C5EC0C7-6973-41DE-9ADA-13C810AB3034}.Silverlight2|Win32.ActiveCfg = Release|Any CPU
		{7C5EC0C7-6973-41DE-9ADA-13C810AB3034}.Unity|Any CPU.ActiveCfg = Release|Any CPU
		{7C5EC0C7-6973-41DE-9ADA-13C810AB3034}.Unity|Any CPU.Build.0 = Release|Any CPU
		{7C5EC0C7-6973-41DE-9ADA-13C810AB3034}.Unity|Mixed Platforms.ActiveCfg = Release|Any CPU
		{7C5EC0C7-6973-41DE-9ADA-13C810AB3034}.Unity|Mixed Platforms.Build.0 = Release|Any CPU
		{7C5EC0C7-6973-41DE-9ADA-13C810AB3034}.Unity|Win32.ActiveCfg = Release|Any CPU
		{F33EBE94-4F2B-4809-A02D-1529F1471FD1}.CoreOnly|Any CPU.ActiveCfg = Release|Any CPU
		{F33EBE94-4F2B-4809-A02D-1529F1471FD1}.CoreOnly|Any CPU.Build.0 = Release|Any CPU
		{F33EBE94-4F2B-4809-A02D-1529F1471FD1}.CoreOnly|Mixed Platforms.ActiveCfg = Release|Any CPU
		{F33EBE94-4F2B-4809-A02D-1529F1471FD1}.CoreOnly|Mixed Platforms.Build.0 = Release|Any CPU
		{F33EBE94-4F2B-4809-A02D-1529F1471FD1}.CoreOnly|Win32.ActiveCfg = Release|Any CPU
		{F33EBE94-4F2B-4809-A02D-1529F1471FD1}.Debug|Any CPU.ActiveCfg = Debug|Any CPU
		{F33EBE94-4F2B-4809-A02D-1529F1471FD1}.Debug|Any CPU.Build.0 = Debug|Any CPU
		{F33EBE94-4F2B-4809-A02D-1529F1471FD1}.Debug|Mixed Platforms.ActiveCfg = Debug|Any CPU
		{F33EBE94-4F2B-4809-A02D-1529F1471FD1}.Debug|Mixed Platforms.Build.0 = Debug|Any CPU
		{F33EBE94-4F2B-4809-A02D-1529F1471FD1}.Debug|Win32.ActiveCfg = Debug|Any CPU
		{F33EBE94-4F2B-4809-A02D-1529F1471FD1}.iOS|Any CPU.ActiveCfg = Release|Any CPU
		{F33EBE94-4F2B-4809-A02D-1529F1471FD1}.iOS|Any CPU.Build.0 = Release|Any CPU
		{F33EBE94-4F2B-4809-A02D-1529F1471FD1}.iOS|Mixed Platforms.ActiveCfg = Release|Any CPU
		{F33EBE94-4F2B-4809-A02D-1529F1471FD1}.iOS|Mixed Platforms.Build.0 = Release|Any CPU
		{F33EBE94-4F2B-4809-A02D-1529F1471FD1}.iOS|Win32.ActiveCfg = Release|Any CPU
		{F33EBE94-4F2B-4809-A02D-1529F1471FD1}.Net20|Any CPU.ActiveCfg = Release|Any CPU
		{F33EBE94-4F2B-4809-A02D-1529F1471FD1}.Net20|Any CPU.Build.0 = Release|Any CPU
		{F33EBE94-4F2B-4809-A02D-1529F1471FD1}.Net20|Mixed Platforms.ActiveCfg = Release|Any CPU
		{F33EBE94-4F2B-4809-A02D-1529F1471FD1}.Net20|Mixed Platforms.Build.0 = Release|Any CPU
		{F33EBE94-4F2B-4809-A02D-1529F1471FD1}.Net20|Win32.ActiveCfg = Release|Any CPU
		{F33EBE94-4F2B-4809-A02D-1529F1471FD1}.Profile|Any CPU.ActiveCfg = Release|Any CPU
		{F33EBE94-4F2B-4809-A02D-1529F1471FD1}.Profile|Any CPU.Build.0 = Release|Any CPU
		{F33EBE94-4F2B-4809-A02D-1529F1471FD1}.Profile|Mixed Platforms.ActiveCfg = Release|Any CPU
		{F33EBE94-4F2B-4809-A02D-1529F1471FD1}.Profile|Mixed Platforms.Build.0 = Release|Any CPU
		{F33EBE94-4F2B-4809-A02D-1529F1471FD1}.Profile|Win32.ActiveCfg = Release|Any CPU
		{F33EBE94-4F2B-4809-A02D-1529F1471FD1}.Release|Any CPU.ActiveCfg = Release|Any CPU
		{F33EBE94-4F2B-4809-A02D-1529F1471FD1}.Release|Any CPU.Build.0 = Release|Any CPU
		{F33EBE94-4F2B-4809-A02D-1529F1471FD1}.Release|Mixed Platforms.ActiveCfg = Release|Any CPU
		{F33EBE94-4F2B-4809-A02D-1529F1471FD1}.Release|Mixed Platforms.Build.0 = Release|Any CPU
		{F33EBE94-4F2B-4809-A02D-1529F1471FD1}.Release|Win32.ActiveCfg = Release|Any CPU
		{F33EBE94-4F2B-4809-A02D-1529F1471FD1}.Silverlight2|Any CPU.ActiveCfg = Release|Any CPU
		{F33EBE94-4F2B-4809-A02D-1529F1471FD1}.Silverlight2|Any CPU.Build.0 = Release|Any CPU
		{F33EBE94-4F2B-4809-A02D-1529F1471FD1}.Silverlight2|Mixed Platforms.ActiveCfg = Release|Any CPU
		{F33EBE94-4F2B-4809-A02D-1529F1471FD1}.Silverlight2|Mixed Platforms.Build.0 = Release|Any CPU
		{F33EBE94-4F2B-4809-A02D-1529F1471FD1}.Silverlight2|Win32.ActiveCfg = Release|Any CPU
		{F33EBE94-4F2B-4809-A02D-1529F1471FD1}.Unity|Any CPU.ActiveCfg = Release|Any CPU
		{F33EBE94-4F2B-4809-A02D-1529F1471FD1}.Unity|Any CPU.Build.0 = Release|Any CPU
		{F33EBE94-4F2B-4809-A02D-1529F1471FD1}.Unity|Mixed Platforms.ActiveCfg = Release|Any CPU
		{F33EBE94-4F2B-4809-A02D-1529F1471FD1}.Unity|Mixed Platforms.Build.0 = Release|Any CPU
		{F33EBE94-4F2B-4809-A02D-1529F1471FD1}.Unity|Win32.ActiveCfg = Release|Any CPU
		{E89B18A6-4737-458D-B1BC-0DE0A066BA7B}.CoreOnly|Any CPU.ActiveCfg = Release|Any CPU
		{E89B18A6-4737-458D-B1BC-0DE0A066BA7B}.CoreOnly|Any CPU.Build.0 = Release|Any CPU
		{E89B18A6-4737-458D-B1BC-0DE0A066BA7B}.CoreOnly|Mixed Platforms.ActiveCfg = Release|Any CPU
		{E89B18A6-4737-458D-B1BC-0DE0A066BA7B}.CoreOnly|Mixed Platforms.Build.0 = Release|Any CPU
		{E89B18A6-4737-458D-B1BC-0DE0A066BA7B}.CoreOnly|Win32.ActiveCfg = Release|Any CPU
		{E89B18A6-4737-458D-B1BC-0DE0A066BA7B}.Debug|Any CPU.ActiveCfg = Debug|Any CPU
		{E89B18A6-4737-458D-B1BC-0DE0A066BA7B}.Debug|Any CPU.Build.0 = Debug|Any CPU
		{E89B18A6-4737-458D-B1BC-0DE0A066BA7B}.Debug|Mixed Platforms.ActiveCfg = Debug|Any CPU
		{E89B18A6-4737-458D-B1BC-0DE0A066BA7B}.Debug|Mixed Platforms.Build.0 = Debug|Any CPU
		{E89B18A6-4737-458D-B1BC-0DE0A066BA7B}.Debug|Win32.ActiveCfg = Debug|Any CPU
		{E89B18A6-4737-458D-B1BC-0DE0A066BA7B}.iOS|Any CPU.ActiveCfg = Release|Any CPU
		{E89B18A6-4737-458D-B1BC-0DE0A066BA7B}.iOS|Any CPU.Build.0 = Release|Any CPU
		{E89B18A6-4737-458D-B1BC-0DE0A066BA7B}.iOS|Mixed Platforms.ActiveCfg = Release|Any CPU
		{E89B18A6-4737-458D-B1BC-0DE0A066BA7B}.iOS|Mixed Platforms.Build.0 = Release|Any CPU
		{E89B18A6-4737-458D-B1BC-0DE0A066BA7B}.iOS|Win32.ActiveCfg = Release|Any CPU
		{E89B18A6-4737-458D-B1BC-0DE0A066BA7B}.Net20|Any CPU.ActiveCfg = Release|Any CPU
		{E89B18A6-4737-458D-B1BC-0DE0A066BA7B}.Net20|Any CPU.Build.0 = Release|Any CPU
		{E89B18A6-4737-458D-B1BC-0DE0A066BA7B}.Net20|Mixed Platforms.ActiveCfg = Release|Any CPU
		{E89B18A6-4737-458D-B1BC-0DE0A066BA7B}.Net20|Mixed Platforms.Build.0 = Release|Any CPU
		{E89B18A6-4737-458D-B1BC-0DE0A066BA7B}.Net20|Win32.ActiveCfg = Release|Any CPU
		{E89B18A6-4737-458D-B1BC-0DE0A066BA7B}.Profile|Any CPU.ActiveCfg = Release|Any CPU
		{E89B18A6-4737-458D-B1BC-0DE0A066BA7B}.Profile|Any CPU.Build.0 = Release|Any CPU
		{E89B18A6-4737-458D-B1BC-0DE0A066BA7B}.Profile|Mixed Platforms.ActiveCfg = Release|Any CPU
		{E89B18A6-4737-458D-B1BC-0DE0A066BA7B}.Profile|Mixed Platforms.Build.0 = Release|Any CPU
		{E89B18A6-4737-458D-B1BC-0DE0A066BA7B}.Profile|Win32.ActiveCfg = Release|Any CPU
		{E89B18A6-4737-458D-B1BC-0DE0A066BA7B}.Release|Any CPU.ActiveCfg = Release|Any CPU
		{E89B18A6-4737-458D-B1BC-0DE0A066BA7B}.Release|Any CPU.Build.0 = Release|Any CPU
		{E89B18A6-4737-458D-B1BC-0DE0A066BA7B}.Release|Mixed Platforms.ActiveCfg = Release|Any CPU
		{E89B18A6-4737-458D-B1BC-0DE0A066BA7B}.Release|Mixed Platforms.Build.0 = Release|Any CPU
		{E89B18A6-4737-458D-B1BC-0DE0A066BA7B}.Release|Win32.ActiveCfg = Release|Any CPU
		{E89B18A6-4737-458D-B1BC-0DE0A066BA7B}.Silverlight2|Any CPU.ActiveCfg = Release|Any CPU
		{E89B18A6-4737-458D-B1BC-0DE0A066BA7B}.Silverlight2|Any CPU.Build.0 = Release|Any CPU
		{E89B18A6-4737-458D-B1BC-0DE0A066BA7B}.Silverlight2|Mixed Platforms.ActiveCfg = Release|Any CPU
		{E89B18A6-4737-458D-B1BC-0DE0A066BA7B}.Silverlight2|Mixed Platforms.Build.0 = Release|Any CPU
		{E89B18A6-4737-458D-B1BC-0DE0A066BA7B}.Silverlight2|Win32.ActiveCfg = Release|Any CPU
		{E89B18A6-4737-458D-B1BC-0DE0A066BA7B}.Unity|Any CPU.ActiveCfg = Release|Any CPU
		{E89B18A6-4737-458D-B1BC-0DE0A066BA7B}.Unity|Any CPU.Build.0 = Release|Any CPU
		{E89B18A6-4737-458D-B1BC-0DE0A066BA7B}.Unity|Mixed Platforms.ActiveCfg = Release|Any CPU
		{E89B18A6-4737-458D-B1BC-0DE0A066BA7B}.Unity|Mixed Platforms.Build.0 = Release|Any CPU
		{E89B18A6-4737-458D-B1BC-0DE0A066BA7B}.Unity|Win32.ActiveCfg = Release|Any CPU
		{0B8CF1DB-9A50-4025-B288-8A6A2FD61969}.CoreOnly|Any CPU.ActiveCfg = Release|Any CPU
		{0B8CF1DB-9A50-4025-B288-8A6A2FD61969}.CoreOnly|Any CPU.Build.0 = Release|Any CPU
		{0B8CF1DB-9A50-4025-B288-8A6A2FD61969}.CoreOnly|Mixed Platforms.ActiveCfg = Release|Any CPU
		{0B8CF1DB-9A50-4025-B288-8A6A2FD61969}.CoreOnly|Mixed Platforms.Build.0 = Release|Any CPU
		{0B8CF1DB-9A50-4025-B288-8A6A2FD61969}.CoreOnly|Win32.ActiveCfg = Release|Any CPU
		{0B8CF1DB-9A50-4025-B288-8A6A2FD61969}.Debug|Any CPU.ActiveCfg = Debug|Any CPU
		{0B8CF1DB-9A50-4025-B288-8A6A2FD61969}.Debug|Any CPU.Build.0 = Debug|Any CPU
		{0B8CF1DB-9A50-4025-B288-8A6A2FD61969}.Debug|Mixed Platforms.ActiveCfg = Debug|Any CPU
		{0B8CF1DB-9A50-4025-B288-8A6A2FD61969}.Debug|Mixed Platforms.Build.0 = Debug|Any CPU
		{0B8CF1DB-9A50-4025-B288-8A6A2FD61969}.Debug|Win32.ActiveCfg = Debug|Any CPU
		{0B8CF1DB-9A50-4025-B288-8A6A2FD61969}.iOS|Any CPU.ActiveCfg = Release|Any CPU
		{0B8CF1DB-9A50-4025-B288-8A6A2FD61969}.iOS|Any CPU.Build.0 = Release|Any CPU
		{0B8CF1DB-9A50-4025-B288-8A6A2FD61969}.iOS|Mixed Platforms.ActiveCfg = Release|Any CPU
		{0B8CF1DB-9A50-4025-B288-8A6A2FD61969}.iOS|Mixed Platforms.Build.0 = Release|Any CPU
		{0B8CF1DB-9A50-4025-B288-8A6A2FD61969}.iOS|Win32.ActiveCfg = Release|Any CPU
		{0B8CF1DB-9A50-4025-B288-8A6A2FD61969}.Net20|Any CPU.ActiveCfg = Release|Any CPU
		{0B8CF1DB-9A50-4025-B288-8A6A2FD61969}.Net20|Any CPU.Build.0 = Release|Any CPU
		{0B8CF1DB-9A50-4025-B288-8A6A2FD61969}.Net20|Mixed Platforms.ActiveCfg = Release|Any CPU
		{0B8CF1DB-9A50-4025-B288-8A6A2FD61969}.Net20|Mixed Platforms.Build.0 = Release|Any CPU
		{0B8CF1DB-9A50-4025-B288-8A6A2FD61969}.Net20|Win32.ActiveCfg = Release|Any CPU
		{0B8CF1DB-9A50-4025-B288-8A6A2FD61969}.Profile|Any CPU.ActiveCfg = Release|Any CPU
		{0B8CF1DB-9A50-4025-B288-8A6A2FD61969}.Profile|Any CPU.Build.0 = Release|Any CPU
		{0B8CF1DB-9A50-4025-B288-8A6A2FD61969}.Profile|Mixed Platforms.ActiveCfg = Release|Any CPU
		{0B8CF1DB-9A50-4025-B288-8A6A2FD61969}.Profile|Mixed Platforms.Build.0 = Release|Any CPU
		{0B8CF1DB-9A50-4025-B288-8A6A2FD61969}.Profile|Win32.ActiveCfg = Release|Any CPU
		{0B8CF1DB-9A50-4025-B288-8A6A2FD61969}.Release|Any CPU.ActiveCfg = Release|Any CPU
		{0B8CF1DB-9A50-4025-B288-8A6A2FD61969}.Release|Any CPU.Build.0 = Release|Any CPU
		{0B8CF1DB-9A50-4025-B288-8A6A2FD61969}.Release|Mixed Platforms.ActiveCfg = Release|Any CPU
		{0B8CF1DB-9A50-4025-B288-8A6A2FD61969}.Release|Mixed Platforms.Build.0 = Release|Any CPU
		{0B8CF1DB-9A50-4025-B288-8A6A2FD61969}.Release|Win32.ActiveCfg = Release|Any CPU
		{0B8CF1DB-9A50-4025-B288-8A6A2FD61969}.Silverlight2|Any CPU.ActiveCfg = Release|Any CPU
		{0B8CF1DB-9A50-4025-B288-8A6A2FD61969}.Silverlight2|Any CPU.Build.0 = Release|Any CPU
		{0B8CF1DB-9A50-4025-B288-8A6A2FD61969}.Silverlight2|Mixed Platforms.ActiveCfg = Release|Any CPU
		{0B8CF1DB-9A50-4025-B288-8A6A2FD61969}.Silverlight2|Mixed Platforms.Build.0 = Release|Any CPU
		{0B8CF1DB-9A50-4025-B288-8A6A2FD61969}.Silverlight2|Win32.ActiveCfg = Release|Any CPU
		{0B8CF1DB-9A50-4025-B288-8A6A2FD61969}.Unity|Any CPU.ActiveCfg = Release|Any CPU
		{0B8CF1DB-9A50-4025-B288-8A6A2FD61969}.Unity|Any CPU.Build.0 = Release|Any CPU
		{0B8CF1DB-9A50-4025-B288-8A6A2FD61969}.Unity|Mixed Platforms.ActiveCfg = Release|Any CPU
		{0B8CF1DB-9A50-4025-B288-8A6A2FD61969}.Unity|Mixed Platforms.Build.0 = Release|Any CPU
		{0B8CF1DB-9A50-4025-B288-8A6A2FD61969}.Unity|Win32.ActiveCfg = Release|Any CPU
	EndGlobalSection
	GlobalSection(SolutionProperties) = preSolution
		HideSolutionNode = FALSE
	EndGlobalSection
	GlobalSection(NestedProjects) = preSolution
		{3E283F37-A4ED-41B7-A3E6-A2D89D131A30} = {8183E426-A1AA-4BC1-BE5C-AC1F881841F5}
		{B84FF31A-5F9A-46F8-AB22-DBFC9BECE3BE} = {8183E426-A1AA-4BC1-BE5C-AC1F881841F5}
		{1738D5F6-ED1E-47E0-B2F0-456864B93C1E} = {8183E426-A1AA-4BC1-BE5C-AC1F881841F5}
		{8374E4D7-2A91-48F1-9360-09B09CF27C3F} = {8183E426-A1AA-4BC1-BE5C-AC1F881841F5}
		{F6CBE303-3B5F-4CCC-B0B7-D81A6BD462C9} = {8183E426-A1AA-4BC1-BE5C-AC1F881841F5}
		{D0E726C6-2653-47B6-82D5-18B069956FDA} = {F96DD538-F970-4A14-B023-FEE3C15599C6}
		{760004E7-ECD9-49E8-BB4D-BFC407C73939} = {F96DD538-F970-4A14-B023-FEE3C15599C6}
		{E6FC8695-0C23-4E37-8BBC-65204AAAB3CC} = {F96DD538-F970-4A14-B023-FEE3C15599C6}
		{0123B29C-3169-4918-A2D4-CB41A7382175} = {D3582062-FE00-4E16-ADDC-67089BBE5529}
		{7C5EC0C7-6973-41DE-9ADA-13C810AB3034} = {D3582062-FE00-4E16-ADDC-67089BBE5529}
		{F33EBE94-4F2B-4809-A02D-1529F1471FD1} = {D3582062-FE00-4E16-ADDC-67089BBE5529}
		{E89B18A6-4737-458D-B1BC-0DE0A066BA7B} = {D3582062-FE00-4E16-ADDC-67089BBE5529}
		{0B8CF1DB-9A50-4025-B288-8A6A2FD61969} = {D3582062-FE00-4E16-ADDC-67089BBE5529}
	EndGlobalSection
EndGlobal
